
Microsoft Visual Studio Solution File, Format Version 12.00
# Visual Studio Version 17
VisualStudioVersion = 17.12.35514.174
MinimumVisualStudioVersion = 10.0.40219.1
Project("{FAE04EC0-301F-11D3-BF4B-00C04F79EFBC}") = "ApiGestionCuentaBancaria", "ApiGestionCuentaBancaria\ApiGestionCuentaBancaria.csproj", "{5B60899C-CD79-478C-9E00-43035F3213E9}"
EndProject
Project("{FAE04EC0-301F-11D3-BF4B-00C04F79EFBC}") = "ApiGestionBancariaTesting", "ApiGestionBancariaTesting\ApiGestionBancariaTesting.csproj", "{24ADC3AC-FF67-401E-A581-F0C701EE35E0}"
EndProject
Global
	GlobalSection(SolutionConfigurationPlatforms) = preSolution
		Debug|Any CPU = Debug|Any CPU
		Release|Any CPU = Release|Any CPU
	EndGlobalSection
	GlobalSection(ProjectConfigurationPlatforms) = postSolution
		{5B60899C-CD79-478C-9E00-43035F3213E9}.Debug|Any CPU.ActiveCfg = Debug|Any CPU
		{5B60899C-CD79-478C-9E00-43035F3213E9}.Debug|Any CPU.Build.0 = Debug|Any CPU
		{5B60899C-CD79-478C-9E00-43035F3213E9}.Release|Any CPU.ActiveCfg = Release|Any CPU
		{5B60899C-CD79-478C-9E00-43035F3213E9}.Release|Any CPU.Build.0 = Release|Any CPU
		{24ADC3AC-FF67-401E-A581-F0C701EE35E0}.Debug|Any CPU.ActiveCfg = Debug|Any CPU
		{24ADC3AC-FF67-401E-A581-F0C701EE35E0}.Debug|Any CPU.Build.0 = Debug|Any CPU
		{24ADC3AC-FF67-401E-A581-F0C701EE35E0}.Release|Any CPU.ActiveCfg = Release|Any CPU
		{24ADC3AC-FF67-401E-A581-F0C701EE35E0}.Release|Any CPU.Build.0 = Release|Any CPU
	EndGlobalSection
	GlobalSection(SolutionProperties) = preSolution
		HideSolutionNode = FALSE
	EndGlobalSection
EndGlobal
